<?xml version="1.0" encoding="utf-8"?>
<Project ToolsVersion="4.0" xmlns="http://schemas.microsoft.com/developer/msbuild/2003">
  <ItemGroup>
    <Filter Include="Source">
      <UniqueIdentifier>{d40e27a2-5f4e-44ac-90e2-a8582bd16cb3}</UniqueIdentifier>
    </Filter>
    <Filter Include="Source\Platform">
      <UniqueIdentifier>{fb3a5a69-19cf-4ba8-9d20-6eda7a1db7b5}</UniqueIdentifier>
    </Filter>
    <Filter Include="Source\Platform\Windows">
      <UniqueIdentifier>{f85a0d42-7b63-4c90-82cc-7c53295cb4a5}</UniqueIdentifier>
    </Filter>
    <Filter Include="Source\Application">
      <UniqueIdentifier>{aa0985c9-7fce-4375-80b7-a83e60a451c4}</UniqueIdentifier>
    </Filter>
    <Filter Include="Source\System">
      <UniqueIdentifier>{fac7558e-ba6a-4fde-96cc-a43d29521b73}</UniqueIdentifier>
    </Filter>
    <Filter Include="Source\System\Window">
      <UniqueIdentifier>{697f1aa3-44fa-437e-a110-82f0f9dff6cf}</UniqueIdentifier>
    </Filter>
    <Filter Include="Source\System\Graphics">
      <UniqueIdentifier>{b435cc4e-5c5a-4428-b4c5-3b967ae2230e}</UniqueIdentifier>
    </Filter>
    <Filter Include="Source\System\Graphics\Direct3D11">
      <UniqueIdentifier>{964678ff-fc07-4858-bd6f-c622c720867e}</UniqueIdentifier>
    </Filter>
    <Filter Include="Source\Type">
      <UniqueIdentifier>{2a924669-47ef-4bf0-abf9-3e8b72f1d653}</UniqueIdentifier>
    </Filter>
    <Filter Include="Source\Math">
      <UniqueIdentifier>{ebb38c78-1997-46b9-a731-b89044f06769}</UniqueIdentifier>
    </Filter>
  </ItemGroup>
  <ItemGroup>
    <ClInclude Include="Source\Platform\Windows\WindowsPlatform.h">
      <Filter>Source\Platform\Windows</Filter>
    </ClInclude>
    <ClInclude Include="Source\Platform\Windows\WindowsPlatformEntry.h">
      <Filter>Source\Platform\Windows</Filter>
    </ClInclude>
    <ClInclude Include="Engine.h" />
    <ClInclude Include="Source\Application\IApplication.h">
      <Filter>Source\Application</Filter>
    </ClInclude>
    <ClInclude Include="Source\Platform\IPlatform.h">
      <Filter>Source\Platform</Filter>
    </ClInclude>
    <ClInclude Include="Source\Platform\Platform.h">
      <Filter>Source\Platform</Filter>
    </ClInclude>
    <ClInclude Include="Source\System\CommandLineArgs.h">
      <Filter>Source\System</Filter>
    </ClInclude>
    <ClInclude Include="Source\System\System.h">
      <Filter>Source\System</Filter>
    </ClInclude>
    <ClInclude Include="Source\System\Window\SystemWindow.h">
      <Filter>Source\System\Window</Filter>
    </ClInclude>
    <ClInclude Include="Source\Type\String.h">
      <Filter>Source\Type</Filter>
    </ClInclude>
    <ClInclude Include="Source\System\Window\ISystemWindowProcedure.h">
      <Filter>Source\System\Window</Filter>
    </ClInclude>
    <ClInclude Include="Source\Platform\Windows\WindowsPlatformWindowProcedure.h">
      <Filter>Source\Platform\Windows</Filter>
    </ClInclude>
    <ClInclude Include="Source\Type\Delegate.h">
      <Filter>Source\Type</Filter>
    </ClInclude>
    <ClInclude Include="Source\Type\Object.h">
      <Filter>Source\Type</Filter>
    </ClInclude>
    <ClInclude Include="Source\Type\UniqueId.h">
      <Filter>Source\Type</Filter>
    </ClInclude>
    <ClInclude Include="Source\Type\MulticastDelegate.h">
      <Filter>Source\Type</Filter>
    </ClInclude>
    <ClInclude Include="Source\Type\TimePoint.h">
      <Filter>Source\Type</Filter>
    </ClInclude>
    <ClInclude Include="Source\Type\EventDispatcher.h">
      <Filter>Source\Type</Filter>
    </ClInclude>
    <ClInclude Include="Source\System\Window\SystemWindowEvents.h">
      <Filter>Source\System\Window</Filter>
    </ClInclude>
    <ClInclude Include="Source\Application\IApplicationEntry.h">
      <Filter>Source\Application</Filter>
    </ClInclude>
    <ClInclude Include="Source\System\Graphics\Graphics.h">
      <Filter>Source\System\Graphics</Filter>
    </ClInclude>
    <ClInclude Include="Source\System\Graphics\IGraphicsContext.h">
      <Filter>Source\System\Graphics</Filter>
    </ClInclude>
    <ClInclude Include="Source\System\Graphics\IGraphicsRenderer.h">
      <Filter>Source\System\Graphics</Filter>
    </ClInclude>
    <ClInclude Include="Source\System\Graphics\Direct3D11\Direct3D11Renderer.h">
      <Filter>Source\System\Graphics\Direct3D11</Filter>
    </ClInclude>
    <ClInclude Include="Source\System\Graphics\Direct3D11\Direct3D11.h">
      <Filter>Source\System\Graphics\Direct3D11</Filter>
    </ClInclude>
    <ClInclude Include="Source\System\Graphics\Direct3D11\Direct3D11SwapChain.h">
      <Filter>Source\System\Graphics\Direct3D11</Filter>
    </ClInclude>
    <ClInclude Include="Source\Type\Color.h">
      <Filter>Source\Type</Filter>
    </ClInclude>
    <ClInclude Include="Source\Math\Vector.h">
      <Filter>Source\Math</Filter>
    </ClInclude>
    <ClInclude Include="Source\Math\AxisIndex.h">
      <Filter>Source\Math</Filter>
    </ClInclude>
    <ClInclude Include="Source\Math\Point.h">
      <Filter>Source\Math</Filter>
    </ClInclude>
    <ClInclude Include="Source\Type\TypeTraits.h">
      <Filter>Source\Type</Filter>
    </ClInclude>
  </ItemGroup>
  <ItemGroup>
    <ClCompile Include="Source\Platform\Windows\WindowsPlatformEntry.cpp">
      <Filter>Source\Platform\Windows</Filter>
    </ClCompile>
    <ClCompile Include="Source\Platform\Windows\WindowsPlatform.cpp">
      <Filter>Source\Platform\Windows</Filter>
    </ClCompile>
    <ClCompile Include="Source\System\System.cpp">
      <Filter>Source\System</Filter>
    </ClCompile>
    <ClCompile Include="Source\System\Window\SystemWindow.cpp">
      <Filter>Source\System\Window</Filter>
    </ClCompile>
    <ClCompile Include="Source\System\Window\ISystemWindowProcedure.cpp">
      <Filter>Source\System\Window</Filter>
    </ClCompile>
    <ClCompile Include="Source\Platform\Windows\WindowsPlatformWindowProcedure.cpp">
      <Filter>Source\Platform\Windows</Filter>
    </ClCompile>
    <ClCompile Include="Source\Type\UniqueId.cpp">
      <Filter>Source\Type</Filter>
    </ClCompile>
    <ClCompile Include="Source\Type\MulticastDelegate.cpp">
      <Filter>Source\Type</Filter>
    </ClCompile>
    <ClCompile Include="Source\System\Window\SystemWindowEvents.cpp">
      <Filter>Source\System\Window</Filter>
    </ClCompile>
    <ClCompile Include="Source\Application\IApplicationEntry.cpp">
      <Filter>Source\Application</Filter>
    </ClCompile>
    <ClCompile Include="Source\System\Graphics\Graphics.cpp">
      <Filter>Source\System\Graphics</Filter>
    </ClCompile>
    <ClCompile Include="Source\System\Graphics\Direct3D11\Direct3D11Renderer.cpp">
      <Filter>Source\System\Graphics\Direct3D11</Filter>
    </ClCompile>
    <ClCompile Include="Source\System\Graphics\Direct3D11\Direct3D11SwapChain.cpp">
      <Filter>Source\System\Graphics\Direct3D11</Filter>
    </ClCompile>
    <ClCompile Include="Source\System\Graphics\IGraphicsContext.cpp">
      <Filter>Source\System\Graphics</Filter>
    </ClCompile>
  </ItemGroup>
</Project>