<?xml version="1.0" encoding="utf-8"?>
<Project ToolsVersion="4.0" xmlns="http://schemas.microsoft.com/developer/msbuild/2003">
  <ItemGroup>
    <Filter Include="Source">
      <UniqueIdentifier>{d40e27a2-5f4e-44ac-90e2-a8582bd16cb3}</UniqueIdentifier>
    </Filter>
    <Filter Include="Source\Platform">
      <UniqueIdentifier>{fb3a5a69-19cf-4ba8-9d20-6eda7a1db7b5}</UniqueIdentifier>
    </Filter>
    <Filter Include="Source\Platform\Windows">
      <UniqueIdentifier>{f85a0d42-7b63-4c90-82cc-7c53295cb4a5}</UniqueIdentifier>
    </Filter>
    <Filter Include="Source\Application">
      <UniqueIdentifier>{aa0985c9-7fce-4375-80b7-a83e60a451c4}</UniqueIdentifier>
    </Filter>
    <Filter Include="Source\System">
      <UniqueIdentifier>{fac7558e-ba6a-4fde-96cc-a43d29521b73}</UniqueIdentifier>
    </Filter>
    <Filter Include="Source\System\Window">
      <UniqueIdentifier>{697f1aa3-44fa-437e-a110-82f0f9dff6cf}</UniqueIdentifier>
    </Filter>
    <Filter Include="Source\System\Graphics">
      <UniqueIdentifier>{b435cc4e-5c5a-4428-b4c5-3b967ae2230e}</UniqueIdentifier>
    </Filter>
    <Filter Include="Source\Type">
      <UniqueIdentifier>{2a924669-47ef-4bf0-abf9-3e8b72f1d653}</UniqueIdentifier>
    </Filter>
    <Filter Include="Source\Math">
      <UniqueIdentifier>{ebb38c78-1997-46b9-a731-b89044f06769}</UniqueIdentifier>
    </Filter>
    <Filter Include="Source\Log">
      <UniqueIdentifier>{8c828c01-a40b-4df7-8dcb-31c2c6b2ad16}</UniqueIdentifier>
    </Filter>
    <Filter Include="Source\System\Input">
      <UniqueIdentifier>{cc35a213-4f87-44eb-a429-8c512b9a667a}</UniqueIdentifier>
    </Filter>
    <Filter Include="Source\Utility">
      <UniqueIdentifier>{1c991c98-f866-4ddc-a482-e652bf59dff1}</UniqueIdentifier>
    </Filter>
    <Filter Include="Source\Utility\DirectX">
      <UniqueIdentifier>{e202a405-bab5-4811-8eb5-0a5e56bd1d46}</UniqueIdentifier>
    </Filter>
    <Filter Include="Source\Utility\DirectX\Direct3D11">
      <UniqueIdentifier>{964678ff-fc07-4858-bd6f-c622c720867e}</UniqueIdentifier>
    </Filter>
    <Filter Include="Source\Player">
      <UniqueIdentifier>{ed9808c9-8db2-4a8d-8478-d18ea47cd877}</UniqueIdentifier>
    </Filter>
    <Filter Include="Source\Player\HUD">
      <UniqueIdentifier>{ca123d2c-1ff4-43e4-b2c6-5e0556af1eac}</UniqueIdentifier>
    </Filter>
    <Filter Include="Source\Type\Delegate">
      <UniqueIdentifier>{c02ca50b-6c35-4eba-85c8-65d0a17b82ed}</UniqueIdentifier>
    </Filter>
    <Filter Include="Source\System\Input\Controller">
      <UniqueIdentifier>{7b825d9c-5089-489b-894a-abbf3164daaa}</UniqueIdentifier>
    </Filter>
    <Filter Include="Source\System\Input\Code">
      <UniqueIdentifier>{c4750c16-0df8-4fdb-9a85-a007ecc5c854}</UniqueIdentifier>
    </Filter>
    <Filter Include="Source\System\Input\Chord">
      <UniqueIdentifier>{c7925c6b-ddc6-4aef-852f-ca81a1fd6224}</UniqueIdentifier>
    </Filter>
    <Filter Include="Source\Player\HUD\Widget">
      <UniqueIdentifier>{c12f9132-87d2-4a39-bed3-113f0363700c}</UniqueIdentifier>
    </Filter>
    <Filter Include="Source\System\Graphics\Data">
      <UniqueIdentifier>{1526cfdd-b9fc-4965-94ad-f64d7dd06075}</UniqueIdentifier>
    </Filter>
    <Filter Include="Source\System\Graphics\Resource">
      <UniqueIdentifier>{b5635575-44bb-4197-a477-fe1c57c008ad}</UniqueIdentifier>
    </Filter>
    <Filter Include="Source\System\Graphics\Resource\Buffer">
      <UniqueIdentifier>{07c4e3aa-68c1-430a-8ec3-8b80a27cef34}</UniqueIdentifier>
    </Filter>
    <Filter Include="Source\System\Graphics\Resource\Shader">
      <UniqueIdentifier>{e8da6a78-fd39-4856-b7b8-3f59e093e417}</UniqueIdentifier>
    </Filter>
    <Filter Include="Source\Utility\DirectX\Direct3D11\Resource">
      <UniqueIdentifier>{09cea7db-f22e-4889-a771-f44d4bdab1d9}</UniqueIdentifier>
    </Filter>
    <Filter Include="Source\Utility\DirectX\Direct3D11\Resource\Shader">
      <UniqueIdentifier>{b64122a5-8be9-48da-9869-35f773148b88}</UniqueIdentifier>
    </Filter>
    <Filter Include="Source\Utility\DirectX\Direct3D11\Resource\Buffer">
      <UniqueIdentifier>{2a4e2b73-d8e8-4d4b-982f-cc0890c8b5d4}</UniqueIdentifier>
    </Filter>
    <Filter Include="Source\Type\ScreenSpace">
      <UniqueIdentifier>{f0098531-3283-4fec-a4f3-c1866f584450}</UniqueIdentifier>
    </Filter>
  </ItemGroup>
  <ItemGroup>
    <ClInclude Include="Source\Platform\Windows\WindowsPlatform.h">
      <Filter>Source\Platform\Windows</Filter>
    </ClInclude>
    <ClInclude Include="Source\Platform\Windows\WindowsPlatformEntry.h">
      <Filter>Source\Platform\Windows</Filter>
    </ClInclude>
    <ClInclude Include="Engine.h" />
    <ClInclude Include="Source\Application\IApplication.h">
      <Filter>Source\Application</Filter>
    </ClInclude>
    <ClInclude Include="Source\Platform\Platform.h">
      <Filter>Source\Platform</Filter>
    </ClInclude>
    <ClInclude Include="Source\System\CommandLineArgs.h">
      <Filter>Source\System</Filter>
    </ClInclude>
    <ClInclude Include="Source\System\System.h">
      <Filter>Source\System</Filter>
    </ClInclude>
    <ClInclude Include="Source\System\Window\SystemWindow.h">
      <Filter>Source\System\Window</Filter>
    </ClInclude>
    <ClInclude Include="Source\Type\String.h">
      <Filter>Source\Type</Filter>
    </ClInclude>
    <ClInclude Include="Source\System\Window\ISystemWindowProcedure.h">
      <Filter>Source\System\Window</Filter>
    </ClInclude>
    <ClInclude Include="Source\Platform\Windows\WindowsPlatformWindowProcedure.h">
      <Filter>Source\Platform\Windows</Filter>
    </ClInclude>
    <ClInclude Include="Source\Type\Object.h">
      <Filter>Source\Type</Filter>
    </ClInclude>
    <ClInclude Include="Source\Type\UniqueId.h">
      <Filter>Source\Type</Filter>
    </ClInclude>
    <ClInclude Include="Source\Application\IApplicationEntry.h">
      <Filter>Source\Application</Filter>
    </ClInclude>
    <ClInclude Include="Source\System\Graphics\Graphics.h">
      <Filter>Source\System\Graphics</Filter>
    </ClInclude>
    <ClInclude Include="Source\System\Graphics\IGraphicsContext.h">
      <Filter>Source\System\Graphics</Filter>
    </ClInclude>
    <ClInclude Include="Source\System\Graphics\IGraphicsRenderer.h">
      <Filter>Source\System\Graphics</Filter>
    </ClInclude>
    <ClInclude Include="Source\Type\Color.h">
      <Filter>Source\Type</Filter>
    </ClInclude>
    <ClInclude Include="Source\Math\Vector.h">
      <Filter>Source\Math</Filter>
    </ClInclude>
    <ClInclude Include="Source\Math\AxisIndex.h">
      <Filter>Source\Math</Filter>
    </ClInclude>
    <ClInclude Include="Source\Math\Point.h">
      <Filter>Source\Math</Filter>
    </ClInclude>
    <ClInclude Include="Source\Type\TypeTraits.h">
      <Filter>Source\Type</Filter>
    </ClInclude>
    <ClInclude Include="Source\Log\Log.h">
      <Filter>Source\Log</Filter>
    </ClInclude>
    <ClInclude Include="Source\System\Input\Input.h">
      <Filter>Source\System\Input</Filter>
    </ClInclude>
    <ClInclude Include="Source\System\Input\InputContext.h">
      <Filter>Source\System\Input</Filter>
    </ClInclude>
    <ClInclude Include="Source\Math\Matrix.h">
      <Filter>Source\Math</Filter>
    </ClInclude>
    <ClInclude Include="Source\Math\Functions.h">
      <Filter>Source\Math</Filter>
    </ClInclude>
    <ClInclude Include="Source\Utility\DirectX\Direct3D11\Direct3D11.h">
      <Filter>Source\Utility\DirectX\Direct3D11</Filter>
    </ClInclude>
    <ClInclude Include="Source\Utility\DirectX\Direct3D11\Direct3D11Renderer.h">
      <Filter>Source\Utility\DirectX\Direct3D11</Filter>
    </ClInclude>
    <ClInclude Include="Source\Utility\DirectX\Direct3D11\Direct3D11SwapChain.h">
      <Filter>Source\Utility\DirectX\Direct3D11</Filter>
    </ClInclude>
    <ClInclude Include="Source\Type\Container.h">
      <Filter>Source\Type</Filter>
    </ClInclude>
    <ClInclude Include="Source\Math\Normals.h">
      <Filter>Source\Math</Filter>
    </ClInclude>
    <ClInclude Include="Source\Player\HUD\HUD.h">
      <Filter>Source\Player\HUD</Filter>
    </ClInclude>
    <ClInclude Include="Source\Type\Delegate\Delegate.h">
      <Filter>Source\Type\Delegate</Filter>
    </ClInclude>
    <ClInclude Include="Source\Type\Delegate\DelegateHandle.h">
      <Filter>Source\Type\Delegate</Filter>
    </ClInclude>
    <ClInclude Include="Source\Type\Delegate\EventDispatcher.h">
      <Filter>Source\Type\Delegate</Filter>
    </ClInclude>
    <ClInclude Include="Source\Type\Delegate\IMulticastDelegate.h">
      <Filter>Source\Type\Delegate</Filter>
    </ClInclude>
    <ClInclude Include="Source\Type\Delegate\MulticastDelegate.h">
      <Filter>Source\Type\Delegate</Filter>
    </ClInclude>
    <ClInclude Include="Source\System\Input\Controller\IInputActionController.h">
      <Filter>Source\System\Input\Controller</Filter>
    </ClInclude>
    <ClInclude Include="Source\System\Input\Controller\IInputController.h">
      <Filter>Source\System\Input\Controller</Filter>
    </ClInclude>
    <ClInclude Include="Source\System\Input\Code\MouseButton.h">
      <Filter>Source\System\Input\Code</Filter>
    </ClInclude>
    <ClInclude Include="Source\System\Input\Code\SwitchState.h">
      <Filter>Source\System\Input\Code</Filter>
    </ClInclude>
    <ClInclude Include="Source\System\Input\Code\InputCode.h">
      <Filter>Source\System\Input\Code</Filter>
    </ClInclude>
    <ClInclude Include="Source\System\Input\Code\KeyboardKey.h">
      <Filter>Source\System\Input\Code</Filter>
    </ClInclude>
    <ClInclude Include="Source\System\Input\Code\MouseWheel.h">
      <Filter>Source\System\Input\Code</Filter>
    </ClInclude>
    <ClInclude Include="Source\System\Input\Chord\InputChord.h">
      <Filter>Source\System\Input\Chord</Filter>
    </ClInclude>
    <ClInclude Include="Source\System\Input\Chord\InputTrigger.h">
      <Filter>Source\System\Input\Chord</Filter>
    </ClInclude>
    <ClInclude Include="Source\System\Input\Chord\InputAction.h">
      <Filter>Source\System\Input\Chord</Filter>
    </ClInclude>
    <ClInclude Include="Source\Type\Time.h">
      <Filter>Source\Type</Filter>
    </ClInclude>
    <ClInclude Include="Source\System\Window\SystemWindowEvents.h">
      <Filter>Source\System\Window</Filter>
    </ClInclude>
    <ClInclude Include="Source\Player\HUD\Widget\IWidget.h">
      <Filter>Source\Player\HUD\Widget</Filter>
    </ClInclude>
    <ClInclude Include="Source\Type\Byte.h">
      <Filter>Source\Type</Filter>
    </ClInclude>
    <ClInclude Include="Source\System\Graphics\Data\DynamicVertex.h">
      <Filter>Source\System\Graphics\Data</Filter>
    </ClInclude>
    <ClInclude Include="Source\System\Graphics\Resource\IGraphicsResource.h">
      <Filter>Source\System\Graphics\Resource</Filter>
    </ClInclude>
    <ClInclude Include="Source\System\Graphics\Resource\Buffer\IIndexBuffer.h">
      <Filter>Source\System\Graphics\Resource\Buffer</Filter>
    </ClInclude>
    <ClInclude Include="Source\System\Graphics\Resource\Buffer\IVertexBuffer.h">
      <Filter>Source\System\Graphics\Resource\Buffer</Filter>
    </ClInclude>
    <ClInclude Include="Source\System\Graphics\Resource\Buffer\IBuffer.h">
      <Filter>Source\System\Graphics\Resource\Buffer</Filter>
    </ClInclude>
    <ClInclude Include="Source\System\Graphics\Resource\Buffer\IDynamicBuffer.h">
      <Filter>Source\System\Graphics\Resource\Buffer</Filter>
    </ClInclude>
    <ClInclude Include="Source\System\Graphics\Resource\Shader\IShader.h">
      <Filter>Source\System\Graphics\Resource\Shader</Filter>
    </ClInclude>
    <ClInclude Include="Source\System\Graphics\Resource\Shader\IVertexShader.h">
      <Filter>Source\System\Graphics\Resource\Shader</Filter>
    </ClInclude>
    <ClInclude Include="Source\System\Graphics\Resource\Shader\IPixelShader.h">
      <Filter>Source\System\Graphics\Resource\Shader</Filter>
    </ClInclude>
    <ClInclude Include="Source\Utility\DirectX\Direct3D11\Resource\Buffer\Direct3D11PixelShaderConstantBuffer.h">
      <Filter>Source\Utility\DirectX\Direct3D11\Resource\Buffer</Filter>
    </ClInclude>
    <ClInclude Include="Source\Utility\DirectX\Direct3D11\Resource\Buffer\Direct3D11VertexBuffer.h">
      <Filter>Source\Utility\DirectX\Direct3D11\Resource\Buffer</Filter>
    </ClInclude>
    <ClInclude Include="Source\Utility\DirectX\Direct3D11\Resource\Buffer\Direct3D11VertexShaderConstantBuffer.h">
      <Filter>Source\Utility\DirectX\Direct3D11\Resource\Buffer</Filter>
    </ClInclude>
    <ClInclude Include="Source\Utility\DirectX\Direct3D11\Resource\Buffer\IDirect3D11ShaderConstantBuffer.h">
      <Filter>Source\Utility\DirectX\Direct3D11\Resource\Buffer</Filter>
    </ClInclude>
    <ClInclude Include="Source\Utility\DirectX\Direct3D11\Resource\Buffer\Direct3D11Buffer.h">
      <Filter>Source\Utility\DirectX\Direct3D11\Resource\Buffer</Filter>
    </ClInclude>
    <ClInclude Include="Source\Utility\DirectX\Direct3D11\Resource\Buffer\Direct3D11IndexBuffer.h">
      <Filter>Source\Utility\DirectX\Direct3D11\Resource\Buffer</Filter>
    </ClInclude>
    <ClInclude Include="Source\Utility\DirectX\Direct3D11\Resource\Shader\Direct3D11PixelShader.h">
      <Filter>Source\Utility\DirectX\Direct3D11\Resource\Shader</Filter>
    </ClInclude>
    <ClInclude Include="Source\Utility\DirectX\Direct3D11\Resource\Shader\Direct3D11ShaderReflection.h">
      <Filter>Source\Utility\DirectX\Direct3D11\Resource\Shader</Filter>
    </ClInclude>
    <ClInclude Include="Source\Utility\DirectX\Direct3D11\Resource\Shader\Direct3D11VertexShader.h">
      <Filter>Source\Utility\DirectX\Direct3D11\Resource\Shader</Filter>
    </ClInclude>
    <ClInclude Include="Source\Math\Angle.h">
      <Filter>Source\Math</Filter>
    </ClInclude>
    <ClInclude Include="Source\Math\Constants.h">
      <Filter>Source\Math</Filter>
    </ClInclude>
    <ClInclude Include="Source\Math\Affine.h">
      <Filter>Source\Math</Filter>
    </ClInclude>
    <ClInclude Include="Source\Type\ScreenSpace\ScreenLocation.h">
      <Filter>Source\Type\ScreenSpace</Filter>
    </ClInclude>
    <ClInclude Include="Source\Type\ScreenSpace\ScreenSize.h">
      <Filter>Source\Type\ScreenSpace</Filter>
    </ClInclude>
    <ClInclude Include="Source\Type\ScreenSpace\AbsCoord.h">
      <Filter>Source\Type\ScreenSpace</Filter>
    </ClInclude>
    <ClInclude Include="Source\Type\ScreenSpace\Coord.h">
      <Filter>Source\Type\ScreenSpace</Filter>
    </ClInclude>
    <ClInclude Include="Source\Type\ScreenSpace\Rect.h">
      <Filter>Source\Type\ScreenSpace</Filter>
    </ClInclude>
    <ClInclude Include="Source\Type\ScreenSpace\RelCoord.h">
      <Filter>Source\Type\ScreenSpace</Filter>
    </ClInclude>
    <ClInclude Include="Source\Type\ScreenSpace\ScreenArea.h">
      <Filter>Source\Type\ScreenSpace</Filter>
    </ClInclude>
  </ItemGroup>
  <ItemGroup>
    <ClCompile Include="Source\Platform\Windows\WindowsPlatformEntry.cpp">
      <Filter>Source\Platform\Windows</Filter>
    </ClCompile>
    <ClCompile Include="Source\Platform\Windows\WindowsPlatform.cpp">
      <Filter>Source\Platform\Windows</Filter>
    </ClCompile>
    <ClCompile Include="Source\System\System.cpp">
      <Filter>Source\System</Filter>
    </ClCompile>
    <ClCompile Include="Source\System\Window\SystemWindow.cpp">
      <Filter>Source\System\Window</Filter>
    </ClCompile>
    <ClCompile Include="Source\System\Window\ISystemWindowProcedure.cpp">
      <Filter>Source\System\Window</Filter>
    </ClCompile>
    <ClCompile Include="Source\Platform\Windows\WindowsPlatformWindowProcedure.cpp">
      <Filter>Source\Platform\Windows</Filter>
    </ClCompile>
    <ClCompile Include="Source\Type\UniqueId.cpp">
      <Filter>Source\Type</Filter>
    </ClCompile>
    <ClCompile Include="Source\Application\IApplicationEntry.cpp">
      <Filter>Source\Application</Filter>
    </ClCompile>
    <ClCompile Include="Source\System\Graphics\Graphics.cpp">
      <Filter>Source\System\Graphics</Filter>
    </ClCompile>
    <ClCompile Include="Source\System\Graphics\IGraphicsContext.cpp">
      <Filter>Source\System\Graphics</Filter>
    </ClCompile>
    <ClCompile Include="Source\Type\String.cpp">
      <Filter>Source\Type</Filter>
    </ClCompile>
    <ClCompile Include="Source\Log\Log.cpp">
      <Filter>Source\Log</Filter>
    </ClCompile>
    <ClCompile Include="Source\System\Input\Input.cpp">
      <Filter>Source\System\Input</Filter>
    </ClCompile>
    <ClCompile Include="Source\System\Input\InputContext.cpp">
      <Filter>Source\System\Input</Filter>
    </ClCompile>
    <ClCompile Include="Source\Type\Color.cpp">
      <Filter>Source\Type</Filter>
    </ClCompile>
    <ClCompile Include="Source\Utility\DirectX\Direct3D11\Direct3D11SwapChain.cpp">
      <Filter>Source\Utility\DirectX\Direct3D11</Filter>
    </ClCompile>
    <ClCompile Include="Source\Utility\DirectX\Direct3D11\Direct3D11Renderer.cpp">
      <Filter>Source\Utility\DirectX\Direct3D11</Filter>
    </ClCompile>
    <ClCompile Include="Source\Player\HUD\HUD.cpp">
      <Filter>Source\Player\HUD</Filter>
    </ClCompile>
    <ClCompile Include="Source\Type\Delegate\DelegateHandle.cpp">
      <Filter>Source\Type\Delegate</Filter>
    </ClCompile>
    <ClCompile Include="Source\Type\Delegate\IMulticastDelegate.cpp">
      <Filter>Source\Type\Delegate</Filter>
    </ClCompile>
    <ClCompile Include="Source\System\Input\Controller\IInputController.cpp">
      <Filter>Source\System\Input\Controller</Filter>
    </ClCompile>
    <ClCompile Include="Source\System\Input\Controller\IInputActionController.cpp">
      <Filter>Source\System\Input\Controller</Filter>
    </ClCompile>
    <ClCompile Include="Source\System\Input\Code\InputCode.cpp">
      <Filter>Source\System\Input\Code</Filter>
    </ClCompile>
    <ClCompile Include="Source\System\Input\Chord\InputChord.cpp">
      <Filter>Source\System\Input\Chord</Filter>
    </ClCompile>
    <ClCompile Include="Source\System\Input\Chord\InputTrigger.cpp">
      <Filter>Source\System\Input\Chord</Filter>
    </ClCompile>
    <ClCompile Include="Source\System\Window\SystemWindowEvents.cpp">
      <Filter>Source\System\Window</Filter>
    </ClCompile>
    <ClCompile Include="Source\Player\HUD\Widget\IWidget.cpp">
      <Filter>Source\Player\HUD\Widget</Filter>
    </ClCompile>
    <ClCompile Include="Source\Type\Byte.cpp">
      <Filter>Source\Type</Filter>
    </ClCompile>
    <ClCompile Include="Source\System\Graphics\Data\DynamicVertex.cpp">
      <Filter>Source\System\Graphics\Data</Filter>
    </ClCompile>
    <ClCompile Include="Source\Utility\DirectX\Direct3D11\Resource\Buffer\Direct3D11Buffer.cpp">
      <Filter>Source\Utility\DirectX\Direct3D11\Resource\Buffer</Filter>
    </ClCompile>
    <ClCompile Include="Source\Utility\DirectX\Direct3D11\Resource\Buffer\IDirect3D11ShaderConstantBuffer.cpp">
      <Filter>Source\Utility\DirectX\Direct3D11\Resource\Buffer</Filter>
    </ClCompile>
    <ClCompile Include="Source\Utility\DirectX\Direct3D11\Resource\Shader\Direct3D11PixelShader.cpp">
      <Filter>Source\Utility\DirectX\Direct3D11\Resource\Shader</Filter>
    </ClCompile>
    <ClCompile Include="Source\Utility\DirectX\Direct3D11\Resource\Shader\Direct3D11ShaderReflection.cpp">
      <Filter>Source\Utility\DirectX\Direct3D11\Resource\Shader</Filter>
    </ClCompile>
    <ClCompile Include="Source\Utility\DirectX\Direct3D11\Resource\Shader\Direct3D11VertexShader.cpp">
      <Filter>Source\Utility\DirectX\Direct3D11\Resource\Shader</Filter>
    </ClCompile>
    <ClCompile Include="Source\Type\ScreenSpace\AbsCoord.cpp">
      <Filter>Source\Type\ScreenSpace</Filter>
    </ClCompile>
    <ClCompile Include="Source\Type\ScreenSpace\Coord.cpp">
      <Filter>Source\Type\ScreenSpace</Filter>
    </ClCompile>
    <ClCompile Include="Source\Type\ScreenSpace\Rect.cpp">
      <Filter>Source\Type\ScreenSpace</Filter>
    </ClCompile>
    <ClCompile Include="Source\Type\ScreenSpace\RelCoord.cpp">
      <Filter>Source\Type\ScreenSpace</Filter>
    </ClCompile>
  </ItemGroup>
</Project>